
Microsoft Visual Studio Solution File, Format Version 12.00
# Visual Studio Version 16
VisualStudioVersion = 16.0.31911.196
MinimumVisualStudioVersion = 10.0.40219.1
Project("{FAE04EC0-301F-11D3-BF4B-00C04F79EFBC}") = "WebApplication(ASP-MVC)", "WebApplication(ASP-MVC)\WebApplication(ASP-MVC).csproj", "{4434811E-6BB7-4D0F-8326-AB9EBF142BFE}"
EndProject
Global
	GlobalSection(SolutionConfigurationPlatforms) = preSolution
		Debug|Any CPU = Debug|Any CPU
		Release|Any CPU = Release|Any CPU
	EndGlobalSection
	GlobalSection(ProjectConfigurationPlatforms) = postSolution
		{4434811E-6BB7-4D0F-8326-AB9EBF142BFE}.Debug|Any CPU.ActiveCfg = Debug|Any CPU
		{4434811E-6BB7-4D0F-8326-AB9EBF142BFE}.Debug|Any CPU.Build.0 = Debug|Any CPU
		{4434811E-6BB7-4D0F-8326-AB9EBF142BFE}.Release|Any CPU.ActiveCfg = Release|Any CPU
		{4434811E-6BB7-4D0F-8326-AB9EBF142BFE}.Release|Any CPU.Build.0 = Release|Any CPU
	EndGlobalSection
	GlobalSection(SolutionProperties) = preSolution
		HideSolutionNode = FALSE
	EndGlobalSection
	GlobalSection(ExtensibilityGlobals) = postSolution
		SolutionGuid = {90CB4DF8-EBCC-4640-9DD9-CC348827F2D2}
	EndGlobalSection
EndGlobal
